{
	"name": "@gradio/graph",
	"version": "0.0.1",
	"lockfileVersion": 2,
	"requires": true,
	"packages": {
		"": {
			"name": "@gradio/graph",
			"version": "0.0.1",
			"license": "ISC",
			"devDependencies": {
				"@steeze-ui/heroicons": "^2.2.1",
				"@steeze-ui/svelte-icon": "^1.3.2",
				"vis-data": "^7.1.4",
				"vis-network": "^9.1.2"
			}
		},
		"../../node_modules/.pnpm/vis-data@7.1.4/node_modules/vis-data": {
			"version": "7.1.4",
			"dev": true,
			"hasInstallScript": true,
			"license": "(Apache-2.0 OR MIT)",
			"devDependencies": {
				"@babel/plugin-proposal-object-rest-spread": "7.17.3",
				"@egjs/hammerjs": "2.0.17",
				"@types/chai": "4.3.0",
				"@types/mocha": "9.1.0",
				"@types/sinon": "10.0.11",
				"@types/uuid": "8.3.4",
				"component-emitter": "1.3.0",
				"eslint": "8.11.0",
				"git-authors-cli": "1.0.37",
				"husky": "7.0.4",
				"lint-staged": "12.3.5",
				"mocha": "9.2.2",
				"nyc": "15.1.0",
				"opencollective": "1.0.3",
				"rimraf": "3.0.2",
				"sazerac": "2.0.0",
				"sinon": "13.0.1",
				"snap-shot-it": "7.9.6",
				"typedoc": "0.22.13",
				"uuid": "8.3.2",
				"vis-dev-utils": "3.0.12",
				"vis-util": "5.0.3"
			},
			"funding": {
				"type": "opencollective",
				"url": "https://opencollective.com/visjs"
			},
			"peerDependencies": {
				"uuid": "^7.0.0 || ^8.0.0",
				"vis-util": "^4.0.0 || ^5.0.0"
			}
		},
		"../../node_modules/.pnpm/vis-network@9.1.2_vis-data@7.1.4/node_modules/vis-network": {
			"version": "9.1.2",
			"dev": true,
			"hasInstallScript": true,
			"license": "(Apache-2.0 OR MIT)",
			"devDependencies": {
				"@babel/plugin-proposal-object-rest-spread": "7.17.3",
				"@egjs/hammerjs": "2.0.17",
				"@mdi/font": "6.6.96",
				"@semantic-release/commit-analyzer": "9.0.2",
				"@semantic-release/github": "8.0.2",
				"@semantic-release/npm": "9.0.1",
				"@semantic-release/release-notes-generator": "10.0.3",
				"@types/chai": "4.3.0",
				"@types/mocha": "9.1.0",
				"@types/sinon": "10.0.11",
				"@types/timsort": "0.3.0",
				"@types/uuid": "8.3.4",
				"compare-versions": "4.1.3",
				"component-emitter": "1.3.0",
				"cross-env": "7.0.3",
				"cypress": "9.5.2",
				"cypress-visual-regression": "1.6.3",
				"eslint": "8.12.0",
				"gh-pages": "3.2.3",
				"husky": "7.0.4",
				"jsdom": "19.0.0",
				"jsdom-global": "3.0.2",
				"keycharm": "0.4.0",
				"lint-staged": "12.3.7",
				"mocha": "9.2.2",
				"nyc": "15.1.0",
				"postcss": "8.4.12",
				"sazerac": "2.0.0",
				"semantic-release": "19.0.2",
				"serve": "13.0.2",
				"shx": "0.3.4",
				"sinon": "13.0.1",
				"snap-shot-it": "7.9.6",
				"start-server-and-test": "1.14.0",
				"timsort": "0.3.0",
				"tmp-promise": "3.0.2",
				"uuid": "8.3.2",
				"vis-data": "7.1.4",
				"vis-dev-utils": "3.0.23",
				"vis-util": "5.0.3"
			},
			"funding": {
				"type": "opencollective",
				"url": "https://opencollective.com/visjs"
			},
			"peerDependencies": {
				"@egjs/hammerjs": "^2.0.0",
				"component-emitter": "^1.3.0",
				"keycharm": "^0.2.0 || ^0.3.0 || ^0.4.0",
				"timsort": "^0.3.0",
				"uuid": "^3.4.0 || ^7.0.0 || ^8.0.0",
				"vis-data": "^7.0.0",
				"vis-util": "^5.0.1"
			}
		},
		"node_modules/@steeze-ui/heroicons": {
			"version": "2.2.1",
			"resolved": "https://registry.npmjs.org/@steeze-ui/heroicons/-/heroicons-2.2.1.tgz",
			"integrity": "sha512-QNFj8hzkDUrTszxqNQb5OpmugKmw12xKLV4MPm+1hr854rIXUN01yTgr6E0OPWiatysDqadURL2APZlSSn8QCg==",
			"dev": true
		},
		"node_modules/@steeze-ui/svelte-icon": {
			"version": "1.3.2",
			"resolved": "https://registry.npmjs.org/@steeze-ui/svelte-icon/-/svelte-icon-1.3.2.tgz",
			"integrity": "sha512-Y7tH9UKeDYLfBicWLw4n4mhgfuSwgEdtq9wog7H+DjvfpTvea5SEqjHI8onoKZonJqAaUBGVjH02LAiqRWu+cw==",
			"dev": true
		},
		"node_modules/vis-data": {
			"resolved": "../../node_modules/.pnpm/vis-data@7.1.4/node_modules/vis-data",
			"link": true
		},
		"node_modules/vis-network": {
			"resolved": "../../node_modules/.pnpm/vis-network@9.1.2_vis-data@7.1.4/node_modules/vis-network",
			"link": true
		}
	},
	"dependencies": {
		"@steeze-ui/heroicons": {
			"version": "2.2.1",
			"resolved": "https://registry.npmjs.org/@steeze-ui/heroicons/-/heroicons-2.2.1.tgz",
			"integrity": "sha512-QNFj8hzkDUrTszxqNQb5OpmugKmw12xKLV4MPm+1hr854rIXUN01yTgr6E0OPWiatysDqadURL2APZlSSn8QCg==",
			"dev": true
		},
		"@steeze-ui/svelte-icon": {
			"version": "1.3.2",
			"resolved": "https://registry.npmjs.org/@steeze-ui/svelte-icon/-/svelte-icon-1.3.2.tgz",
			"integrity": "sha512-Y7tH9UKeDYLfBicWLw4n4mhgfuSwgEdtq9wog7H+DjvfpTvea5SEqjHI8onoKZonJqAaUBGVjH02LAiqRWu+cw==",
			"dev": true
		},
		"vis-data": {
			"version": "file:../../node_modules/.pnpm/vis-data@7.1.4/node_modules/vis-data",
			"requires": {
				"@babel/plugin-proposal-object-rest-spread": "7.17.3",
				"@egjs/hammerjs": "2.0.17",
				"@types/chai": "4.3.0",
				"@types/mocha": "9.1.0",
				"@types/sinon": "10.0.11",
				"@types/uuid": "8.3.4",
				"component-emitter": "1.3.0",
				"eslint": "8.11.0",
				"git-authors-cli": "1.0.37",
				"husky": "7.0.4",
				"lint-staged": "12.3.5",
				"mocha": "9.2.2",
				"nyc": "15.1.0",
				"opencollective": "1.0.3",
				"rimraf": "3.0.2",
				"sazerac": "2.0.0",
				"sinon": "13.0.1",
				"snap-shot-it": "7.9.6",
				"typedoc": "0.22.13",
				"uuid": "8.3.2",
				"vis-dev-utils": "3.0.12",
				"vis-util": "5.0.3"
			}
		},
		"vis-network": {
			"version": "file:../../node_modules/.pnpm/vis-network@9.1.2_vis-data@7.1.4/node_modules/vis-network",
			"requires": {
				"@babel/plugin-proposal-object-rest-spread": "7.17.3",
				"@egjs/hammerjs": "2.0.17",
				"@mdi/font": "6.6.96",
				"@semantic-release/commit-analyzer": "9.0.2",
				"@semantic-release/github": "8.0.2",
				"@semantic-release/npm": "9.0.1",
				"@semantic-release/release-notes-generator": "10.0.3",
				"@types/chai": "4.3.0",
				"@types/mocha": "9.1.0",
				"@types/sinon": "10.0.11",
				"@types/timsort": "0.3.0",
				"@types/uuid": "8.3.4",
				"compare-versions": "4.1.3",
				"component-emitter": "1.3.0",
				"cross-env": "7.0.3",
				"cypress": "9.5.2",
				"cypress-visual-regression": "1.6.3",
				"eslint": "8.12.0",
				"gh-pages": "3.2.3",
				"husky": "7.0.4",
				"jsdom": "19.0.0",
				"jsdom-global": "3.0.2",
				"keycharm": "0.4.0",
				"lint-staged": "12.3.7",
				"mocha": "9.2.2",
				"nyc": "15.1.0",
				"postcss": "8.4.12",
				"sazerac": "2.0.0",
				"semantic-release": "19.0.2",
				"serve": "13.0.2",
				"shx": "0.3.4",
				"sinon": "13.0.1",
				"snap-shot-it": "7.9.6",
				"start-server-and-test": "1.14.0",
				"timsort": "0.3.0",
				"tmp-promise": "3.0.2",
				"uuid": "8.3.2",
				"vis-data": "7.1.4",
				"vis-dev-utils": "3.0.23",
				"vis-util": "5.0.3"
			}
		}
	}
}
