{
	"name": "@gradio/graph",
	"version": "0.0.1",
	"lockfileVersion": 2,
	"requires": true,
	"packages": {
		"": {
			"name": "@gradio/graph",
			"version": "0.0.1",
			"license": "ISC",
			"dependencies": {
				"svelte-french-toast": "^1.0.3"
			},
			"devDependencies": {
				"@steeze-ui/heroicons": "^2.2.1",
				"@steeze-ui/svelte-icon": "^1.3.2",
				"fuse.js": "^6.6.2",
				"vis-data": "^7.1.4",
				"vis-network": "^9.1.2"
			}
		},
		"../../node_modules/.pnpm/@steeze-ui+heroicons@2.2.1/node_modules/@steeze-ui/heroicons": {
			"version": "2.2.1",
			"dev": true,
			"license": "MIT",
			"devDependencies": {
				"@steeze-ui/icons": "*",
				"@steeze-ui/svelte-icon": "*",
				"@sveltejs/adapter-auto": "next",
				"@sveltejs/kit": "next",
				"@sveltejs/package": "1.0.0-next.1",
				"@types/node": "^17.0.45",
				"esmo": "^0.14.1",
				"heroicons": "^2.0.13",
				"prettier": "^2.7.1",
				"prettier-plugin-svelte": "^2.8.0",
				"svelte": "^3.53.1",
				"svelte-check": "^2.9.2",
				"svelte-preprocess": "^4.10.7",
				"svelte2tsx": "^0.4.14",
				"tslib": "^2.4.1",
				"typescript": "^4.8.4",
				"vite": "^3.2.3"
			}
		},
		"../../node_modules/.pnpm/@steeze-ui+svelte-icon@1.3.2/node_modules/@steeze-ui/svelte-icon": {
			"version": "1.3.2",
			"dev": true,
			"license": "MIT",
			"devDependencies": {
				"@sveltejs/adapter-auto": "next",
				"@sveltejs/kit": "next",
				"@sveltejs/package": "^1.0.0-next.3",
				"prettier": "^2.7.1",
				"prettier-plugin-svelte": "^2.7.0",
				"svelte": "^3.50.0",
				"svelte-check": "^2.9.0",
				"svelte-preprocess": "^4.10.7",
				"svelte2tsx": "^0.4.14",
				"tslib": "^2.4.0",
				"typescript": "^4.8.2",
				"vite": "^3.1.0"
			}
		},
		"../../node_modules/.pnpm/fuse.js@6.6.2/node_modules/fuse.js": {
			"version": "6.6.2",
			"dev": true,
			"license": "Apache-2.0",
			"devDependencies": {
				"@babel/cli": "^7.2.3",
				"@babel/core": "^7.3.4",
				"@babel/eslint-parser": "^7.16.3",
				"@babel/plugin-proposal-object-rest-spread": "7.16.0",
				"@babel/preset-env": "7.16.0",
				"@babel/preset-typescript": "7.16.0",
				"@commitlint/cli": "^14.1.0",
				"@commitlint/config-conventional": "^14.1.0",
				"@rollup/plugin-babel": "^5.3.0",
				"@rollup/plugin-node-resolve": "^13.0.6",
				"@rollup/plugin-replace": "^3.0.0",
				"@types/jest": "27.0.2",
				"@vuepress/plugin-google-analytics": "^1.4.0",
				"@vuepress/plugin-register-components": "^1.5.2",
				"babel-loader": "^8.0.5",
				"codemirror": "5.63.3",
				"eslint": "8.2.0",
				"eslint-config-prettier": "8.3.0",
				"eslint-plugin-vue": "8.0.3",
				"faker": "5.5.3",
				"husky": "^7.0.0",
				"jest": "^27.3.1",
				"prettier": "2.4.1",
				"replace-in-file": "^6.1.0",
				"rimraf": "3.0.2",
				"rollup": "^2.61.1",
				"rollup-plugin-copy": "3.4.0",
				"standard-version": "^9.3.2",
				"terser-webpack-plugin": "5.2.5",
				"typescript": "^4.4.4",
				"vue-codemirror": "^4.0.6",
				"vue-eslint-parser": "^8.0.1",
				"vuepress": "^1.4.0",
				"vuepress-plugin-element-tabs": "^0.2.8",
				"vuepress-plugin-google-adsense": "^0.2.1",
				"vuepress-plugin-smooth-scroll": "^0.0.10",
				"vuepress-plugin-social-share": "^1.1.0",
				"webpack": "4.46.0",
				"webpack-cli": "^4.9.1"
			},
			"engines": {
				"node": ">=10"
			}
		},
		"../../node_modules/.pnpm/vis-data@7.1.4/node_modules/vis-data": {
			"version": "7.1.4",
			"dev": true,
			"hasInstallScript": true,
			"license": "(Apache-2.0 OR MIT)",
			"devDependencies": {
				"@babel/plugin-proposal-object-rest-spread": "7.17.3",
				"@egjs/hammerjs": "2.0.17",
				"@types/chai": "4.3.0",
				"@types/mocha": "9.1.0",
				"@types/sinon": "10.0.11",
				"@types/uuid": "8.3.4",
				"component-emitter": "1.3.0",
				"eslint": "8.11.0",
				"git-authors-cli": "1.0.37",
				"husky": "7.0.4",
				"lint-staged": "12.3.5",
				"mocha": "9.2.2",
				"nyc": "15.1.0",
				"opencollective": "1.0.3",
				"rimraf": "3.0.2",
				"sazerac": "2.0.0",
				"sinon": "13.0.1",
				"snap-shot-it": "7.9.6",
				"typedoc": "0.22.13",
				"uuid": "8.3.2",
				"vis-dev-utils": "3.0.12",
				"vis-util": "5.0.3"
			},
			"funding": {
				"type": "opencollective",
				"url": "https://opencollective.com/visjs"
			},
			"peerDependencies": {
				"uuid": "^7.0.0 || ^8.0.0",
				"vis-util": "^4.0.0 || ^5.0.0"
			}
		},
		"../../node_modules/.pnpm/vis-network@9.1.2_vis-data@7.1.4/node_modules/vis-network": {
			"version": "9.1.2",
			"dev": true,
			"hasInstallScript": true,
			"license": "(Apache-2.0 OR MIT)",
			"devDependencies": {
				"@babel/plugin-proposal-object-rest-spread": "7.17.3",
				"@egjs/hammerjs": "2.0.17",
				"@mdi/font": "6.6.96",
				"@semantic-release/commit-analyzer": "9.0.2",
				"@semantic-release/github": "8.0.2",
				"@semantic-release/npm": "9.0.1",
				"@semantic-release/release-notes-generator": "10.0.3",
				"@types/chai": "4.3.0",
				"@types/mocha": "9.1.0",
				"@types/sinon": "10.0.11",
				"@types/timsort": "0.3.0",
				"@types/uuid": "8.3.4",
				"compare-versions": "4.1.3",
				"component-emitter": "1.3.0",
				"cross-env": "7.0.3",
				"cypress": "9.5.2",
				"cypress-visual-regression": "1.6.3",
				"eslint": "8.12.0",
				"gh-pages": "3.2.3",
				"husky": "7.0.4",
				"jsdom": "19.0.0",
				"jsdom-global": "3.0.2",
				"keycharm": "0.4.0",
				"lint-staged": "12.3.7",
				"mocha": "9.2.2",
				"nyc": "15.1.0",
				"postcss": "8.4.12",
				"sazerac": "2.0.0",
				"semantic-release": "19.0.2",
				"serve": "13.0.2",
				"shx": "0.3.4",
				"sinon": "13.0.1",
				"snap-shot-it": "7.9.6",
				"start-server-and-test": "1.14.0",
				"timsort": "0.3.0",
				"tmp-promise": "3.0.2",
				"uuid": "8.3.2",
				"vis-data": "7.1.4",
				"vis-dev-utils": "3.0.23",
				"vis-util": "5.0.3"
			},
			"funding": {
				"type": "opencollective",
				"url": "https://opencollective.com/visjs"
			},
			"peerDependencies": {
				"@egjs/hammerjs": "^2.0.0",
				"component-emitter": "^1.3.0",
				"keycharm": "^0.2.0 || ^0.3.0 || ^0.4.0",
				"timsort": "^0.3.0",
				"uuid": "^3.4.0 || ^7.0.0 || ^8.0.0",
				"vis-data": "^7.0.0",
				"vis-util": "^5.0.1"
			}
		},
		"node_modules/@steeze-ui/heroicons": {
			"resolved": "../../node_modules/.pnpm/@steeze-ui+heroicons@2.2.1/node_modules/@steeze-ui/heroicons",
			"link": true
		},
		"node_modules/@steeze-ui/svelte-icon": {
			"resolved": "../../node_modules/.pnpm/@steeze-ui+svelte-icon@1.3.2/node_modules/@steeze-ui/svelte-icon",
			"link": true
		},
		"node_modules/fuse.js": {
			"resolved": "../../node_modules/.pnpm/fuse.js@6.6.2/node_modules/fuse.js",
			"link": true
		},
		"node_modules/svelte": {
			"version": "3.55.0",
			"resolved": "https://registry.npmjs.org/svelte/-/svelte-3.55.0.tgz",
			"integrity": "sha512-uGu2FVMlOuey4JoKHKrpZFkoYyj0VLjJdz47zX5+gVK5odxHM40RVhar9/iK2YFRVxvfg9FkhfVlR0sjeIrOiA==",
			"peer": true,
			"engines": {
				"node": ">= 8"
			}
		},
		"node_modules/svelte-french-toast": {
			"version": "1.0.3",
			"resolved": "https://registry.npmjs.org/svelte-french-toast/-/svelte-french-toast-1.0.3.tgz",
			"integrity": "sha512-HBdutlqUx5FroucvcmMJstmTJDedXayiOSXubBYW6iL5x1PdHp+bOflGx5NxsOa6+EQckJnnVv1vJYgGsg7ngQ==",
			"dependencies": {
				"svelte-writable-derived": "^2.1.3"
			}
		},
		"node_modules/svelte-writable-derived": {
			"version": "2.1.5",
			"resolved": "https://registry.npmjs.org/svelte-writable-derived/-/svelte-writable-derived-2.1.5.tgz",
			"integrity": "sha512-g26/W1iWj7FlLwaggNwXxHwMSf70/bHAYcpBT/EijijjakCSU9/PXmn31fL/kw2P1SzVEU6ayyCFuNYqTY3RUw==",
			"funding": {
				"url": "https://sponsus.org/u/pixievoltno1"
			},
			"peerDependencies": {
				"svelte": "^3.2.1"
			}
		},
		"node_modules/vis-data": {
			"resolved": "../../node_modules/.pnpm/vis-data@7.1.4/node_modules/vis-data",
			"link": true
		},
		"node_modules/vis-network": {
			"resolved": "../../node_modules/.pnpm/vis-network@9.1.2_vis-data@7.1.4/node_modules/vis-network",
			"link": true
		}
	},
	"dependencies": {
		"@steeze-ui/heroicons": {
			"version": "file:../../node_modules/.pnpm/@steeze-ui+heroicons@2.2.1/node_modules/@steeze-ui/heroicons",
			"requires": {
				"@steeze-ui/icons": "*",
				"@steeze-ui/svelte-icon": "*",
				"@sveltejs/adapter-auto": "next",
				"@sveltejs/kit": "next",
				"@sveltejs/package": "1.0.0-next.1",
				"@types/node": "^17.0.45",
				"esmo": "^0.14.1",
				"heroicons": "^2.0.13",
				"prettier": "^2.7.1",
				"prettier-plugin-svelte": "^2.8.0",
				"svelte": "^3.53.1",
				"svelte-check": "^2.9.2",
				"svelte-preprocess": "^4.10.7",
				"svelte2tsx": "^0.4.14",
				"tslib": "^2.4.1",
				"typescript": "^4.8.4",
				"vite": "^3.2.3"
			}
		},
		"@steeze-ui/svelte-icon": {
			"version": "file:../../node_modules/.pnpm/@steeze-ui+svelte-icon@1.3.2/node_modules/@steeze-ui/svelte-icon",
			"requires": {
				"@sveltejs/adapter-auto": "next",
				"@sveltejs/kit": "next",
				"@sveltejs/package": "^1.0.0-next.3",
				"prettier": "^2.7.1",
				"prettier-plugin-svelte": "^2.7.0",
				"svelte": "^3.50.0",
				"svelte-check": "^2.9.0",
				"svelte-preprocess": "^4.10.7",
				"svelte2tsx": "^0.4.14",
				"tslib": "^2.4.0",
				"typescript": "^4.8.2",
				"vite": "^3.1.0"
			}
		},
		"fuse.js": {
			"version": "file:../../node_modules/.pnpm/fuse.js@6.6.2/node_modules/fuse.js",
			"requires": {
				"@babel/cli": "^7.2.3",
				"@babel/core": "^7.3.4",
				"@babel/eslint-parser": "^7.16.3",
				"@babel/plugin-proposal-object-rest-spread": "7.16.0",
				"@babel/preset-env": "7.16.0",
				"@babel/preset-typescript": "7.16.0",
				"@commitlint/cli": "^14.1.0",
				"@commitlint/config-conventional": "^14.1.0",
				"@rollup/plugin-babel": "^5.3.0",
				"@rollup/plugin-node-resolve": "^13.0.6",
				"@rollup/plugin-replace": "^3.0.0",
				"@types/jest": "27.0.2",
				"@vuepress/plugin-google-analytics": "^1.4.0",
				"@vuepress/plugin-register-components": "^1.5.2",
				"babel-loader": "^8.0.5",
				"codemirror": "5.63.3",
				"eslint": "8.2.0",
				"eslint-config-prettier": "8.3.0",
				"eslint-plugin-vue": "8.0.3",
				"faker": "5.5.3",
				"husky": "^7.0.0",
				"jest": "^27.3.1",
				"prettier": "2.4.1",
				"replace-in-file": "^6.1.0",
				"rimraf": "3.0.2",
				"rollup": "^2.61.1",
				"rollup-plugin-copy": "3.4.0",
				"standard-version": "^9.3.2",
				"terser-webpack-plugin": "5.2.5",
				"typescript": "^4.4.4",
				"vue-codemirror": "^4.0.6",
				"vue-eslint-parser": "^8.0.1",
				"vuepress": "^1.4.0",
				"vuepress-plugin-element-tabs": "^0.2.8",
				"vuepress-plugin-google-adsense": "^0.2.1",
				"vuepress-plugin-smooth-scroll": "^0.0.10",
				"vuepress-plugin-social-share": "^1.1.0",
				"webpack": "4.46.0",
				"webpack-cli": "^4.9.1"
			}
		},
		"svelte": {
			"version": "3.55.0",
			"resolved": "https://registry.npmjs.org/svelte/-/svelte-3.55.0.tgz",
			"integrity": "sha512-uGu2FVMlOuey4JoKHKrpZFkoYyj0VLjJdz47zX5+gVK5odxHM40RVhar9/iK2YFRVxvfg9FkhfVlR0sjeIrOiA==",
			"peer": true
		},
		"svelte-french-toast": {
			"version": "1.0.3",
			"resolved": "https://registry.npmjs.org/svelte-french-toast/-/svelte-french-toast-1.0.3.tgz",
			"integrity": "sha512-HBdutlqUx5FroucvcmMJstmTJDedXayiOSXubBYW6iL5x1PdHp+bOflGx5NxsOa6+EQckJnnVv1vJYgGsg7ngQ==",
			"requires": {
				"svelte-writable-derived": "^2.1.3"
			}
		},
		"svelte-writable-derived": {
			"version": "2.1.5",
			"resolved": "https://registry.npmjs.org/svelte-writable-derived/-/svelte-writable-derived-2.1.5.tgz",
			"integrity": "sha512-g26/W1iWj7FlLwaggNwXxHwMSf70/bHAYcpBT/EijijjakCSU9/PXmn31fL/kw2P1SzVEU6ayyCFuNYqTY3RUw==",
			"requires": {}
		},
		"vis-data": {
			"version": "file:../../node_modules/.pnpm/vis-data@7.1.4/node_modules/vis-data",
			"requires": {
				"@babel/plugin-proposal-object-rest-spread": "7.17.3",
				"@egjs/hammerjs": "2.0.17",
				"@types/chai": "4.3.0",
				"@types/mocha": "9.1.0",
				"@types/sinon": "10.0.11",
				"@types/uuid": "8.3.4",
				"component-emitter": "1.3.0",
				"eslint": "8.11.0",
				"git-authors-cli": "1.0.37",
				"husky": "7.0.4",
				"lint-staged": "12.3.5",
				"mocha": "9.2.2",
				"nyc": "15.1.0",
				"opencollective": "1.0.3",
				"rimraf": "3.0.2",
				"sazerac": "2.0.0",
				"sinon": "13.0.1",
				"snap-shot-it": "7.9.6",
				"typedoc": "0.22.13",
				"uuid": "8.3.2",
				"vis-dev-utils": "3.0.12",
				"vis-util": "5.0.3"
			}
		},
		"vis-network": {
			"version": "file:../../node_modules/.pnpm/vis-network@9.1.2_vis-data@7.1.4/node_modules/vis-network",
			"requires": {
				"@babel/plugin-proposal-object-rest-spread": "7.17.3",
				"@egjs/hammerjs": "2.0.17",
				"@mdi/font": "6.6.96",
				"@semantic-release/commit-analyzer": "9.0.2",
				"@semantic-release/github": "8.0.2",
				"@semantic-release/npm": "9.0.1",
				"@semantic-release/release-notes-generator": "10.0.3",
				"@types/chai": "4.3.0",
				"@types/mocha": "9.1.0",
				"@types/sinon": "10.0.11",
				"@types/timsort": "0.3.0",
				"@types/uuid": "8.3.4",
				"compare-versions": "4.1.3",
				"component-emitter": "1.3.0",
				"cross-env": "7.0.3",
				"cypress": "9.5.2",
				"cypress-visual-regression": "1.6.3",
				"eslint": "8.12.0",
				"gh-pages": "3.2.3",
				"husky": "7.0.4",
				"jsdom": "19.0.0",
				"jsdom-global": "3.0.2",
				"keycharm": "0.4.0",
				"lint-staged": "12.3.7",
				"mocha": "9.2.2",
				"nyc": "15.1.0",
				"postcss": "8.4.12",
				"sazerac": "2.0.0",
				"semantic-release": "19.0.2",
				"serve": "13.0.2",
				"shx": "0.3.4",
				"sinon": "13.0.1",
				"snap-shot-it": "7.9.6",
				"start-server-and-test": "1.14.0",
				"timsort": "0.3.0",
				"tmp-promise": "3.0.2",
				"uuid": "8.3.2",
				"vis-data": "7.1.4",
				"vis-dev-utils": "3.0.23",
				"vis-util": "5.0.3"
			}
		}
	}
}
